
Microsoft Visual Studio Solution File, Format Version 12.00
# Visual Studio Version 17
VisualStudioVersion = 17.8.34316.72
MinimumVisualStudioVersion = 10.0.40219.1
Project("{FAE04EC0-301F-11D3-BF4B-00C04F79EFBC}") = "EasyChat", "EasyChat.csproj", "{80C99630-9C6F-4D4E-A3ED-43841CF24B48}"
EndProject
Global
	GlobalSection(SolutionConfigurationPlatforms) = preSolution
		Debug|Any CPU = Debug|Any CPU
		Release|Any CPU = Release|Any CPU
	EndGlobalSection
	GlobalSection(ProjectConfigurationPlatforms) = postSolution
		{80C99630-9C6F-4D4E-A3ED-43841CF24B48}.Debug|Any CPU.ActiveCfg = Debug|Any CPU
		{80C99630-9C6F-4D4E-A3ED-43841CF24B48}.Debug|Any CPU.Build.0 = Debug|Any CPU
		{80C99630-9C6F-4D4E-A3ED-43841CF24B48}.Release|Any CPU.ActiveCfg = Release|Any CPU
		{80C99630-9C6F-4D4E-A3ED-43841CF24B48}.Release|Any CPU.Build.0 = Release|Any CPU
	EndGlobalSection
	GlobalSection(SolutionProperties) = preSolution
		HideSolutionNode = FALSE
	EndGlobalSection
	GlobalSection(ExtensibilityGlobals) = postSolution
		SolutionGuid = {2D4B2FC2-A12C-4916-8DA6-FD3F5BCA2AB7}
	EndGlobalSection
EndGlobal
